dependencies:
  espressif/mdns:
    component_hash: d6665090cf41eb399c184aab6f34234251a773e052fb53ca044dcb576264c646
    source:
      service_url: https://api.components.espressif.com/
      type: service
    version: 1.2.1
  espressif__ethernet_init:
    component_hash: null
    source:
      path: E:\Dokumente\PlatformIO\Projects\isg_esp\components\espressif__ethernet_init
      type: local
    version: 0.0.7
  idf:
    component_hash: null
    source:
      type: idf
    version: 5.1.1
manifest_hash: 3bf05daf76b1f5e9df4882232c10413a6b681a44c43ff7f5662b5e1576a5b331
target: esp32
version: 1.0.0
